
Microsoft Visual Studio Solution File, Format Version 12.00
# Visual Studio Version 16
VisualStudioVersion = 16.0.32929.386
MinimumVisualStudioVersion = 10.0.40219.1
Project("{FAE04EC0-301F-11D3-BF4B-00C04F79EFBC}") = "CsharpPractice", "CsharpPractice.csproj", "{AB214575-A3F0-4FE9-8DDD-CF5924A8B5EE}"
EndProject
Global
	GlobalSection(SolutionConfigurationPlatforms) = preSolution
		Debug|Any CPU = Debug|Any CPU
		Release|Any CPU = Release|Any CPU
	EndGlobalSection
	GlobalSection(ProjectConfigurationPlatforms) = postSolution
		{AB214575-A3F0-4FE9-8DDD-CF5924A8B5EE}.Debug|Any CPU.ActiveCfg = Debug|Any CPU
		{AB214575-A3F0-4FE9-8DDD-CF5924A8B5EE}.Debug|Any CPU.Build.0 = Debug|Any CPU
		{AB214575-A3F0-4FE9-8DDD-CF5924A8B5EE}.Release|Any CPU.ActiveCfg = Release|Any CPU
		{AB214575-A3F0-4FE9-8DDD-CF5924A8B5EE}.Release|Any CPU.Build.0 = Release|Any CPU
	EndGlobalSection
	GlobalSection(SolutionProperties) = preSolution
		HideSolutionNode = FALSE
	EndGlobalSection
	GlobalSection(ExtensibilityGlobals) = postSolution
		SolutionGuid = {B16D3CCC-7EB4-45D3-80C5-802E89C9B1B9}
	EndGlobalSection
EndGlobal
